
Microsoft Visual Studio Solution File, Format Version 12.00
# Visual Studio Version 17
VisualStudioVersion = 17.14.36202.13 d17.14
MinimumVisualStudioVersion = 10.0.40219.1
Project("{FAE04EC0-301F-11D3-BF4B-00C04F79EFBC}") = "Okada", "Okada.csproj", "{D078029E-E567-4CE9-B8F6-A8484D42C3A8}"
EndProject
Global
	GlobalSection(SolutionConfigurationPlatforms) = preSolution
		Debug|Any CPU = Debug|Any CPU
		Release|Any CPU = Release|Any CPU
	EndGlobalSection
	GlobalSection(ProjectConfigurationPlatforms) = postSolution
		{D078029E-E567-4CE9-B8F6-A8484D42C3A8}.Debug|Any CPU.ActiveCfg = Debug|Any CPU
		{D078029E-E567-4CE9-B8F6-A8484D42C3A8}.Debug|Any CPU.Build.0 = Debug|Any CPU
		{D078029E-E567-4CE9-B8F6-A8484D42C3A8}.Debug|Any CPU.Deploy.0 = Debug|Any CPU
		{D078029E-E567-4CE9-B8F6-A8484D42C3A8}.Release|Any CPU.ActiveCfg = Release|Any CPU
		{D078029E-E567-4CE9-B8F6-A8484D42C3A8}.Release|Any CPU.Build.0 = Release|Any CPU
	EndGlobalSection
	GlobalSection(SolutionProperties) = preSolution
		HideSolutionNode = FALSE
	EndGlobalSection
	GlobalSection(ExtensibilityGlobals) = postSolution
		SolutionGuid = {4F44C252-6405-4246-B3E3-BED035425AB6}
	EndGlobalSection
EndGlobal
